
Microsoft Visual Studio Solution File, Format Version 12.00
# Visual Studio 2012
Project("{FAE04EC0-301F-11D3-BF4B-00C04F79EFBC}") = "Numberston", "Numberston.csproj", "{9BB24C4D-2F41-4B7F-904C-2F27A07F3A49}"
EndProject
Project("{FAE04EC0-301F-11D3-BF4B-00C04F79EFBC}") = "NumbersNotDivisible", "..\NumbersNotDivisible\NumbersNotDivisible.csproj", "{016662CC-B7E1-4526-98C8-7C69EEF56E70}"
EndProject
Project("{FAE04EC0-301F-11D3-BF4B-00C04F79EFBC}") = "MinMaxSumAverageofN", "..\MinMaxSumAverageofN\MinMaxSumAverageofN.csproj", "{45AFB966-B746-4EC7-861B-396998A9CEE2}"
EndProject
Global
	GlobalSection(SolutionConfigurationPlatforms) = preSolution
		Debug|Any CPU = Debug|Any CPU
		Release|Any CPU = Release|Any CPU
	EndGlobalSection
	GlobalSection(ProjectConfigurationPlatforms) = postSolution
		{9BB24C4D-2F41-4B7F-904C-2F27A07F3A49}.Debug|Any CPU.ActiveCfg = Debug|Any CPU
		{9BB24C4D-2F41-4B7F-904C-2F27A07F3A49}.Debug|Any CPU.Build.0 = Debug|Any CPU
		{9BB24C4D-2F41-4B7F-904C-2F27A07F3A49}.Release|Any CPU.ActiveCfg = Release|Any CPU
		{9BB24C4D-2F41-4B7F-904C-2F27A07F3A49}.Release|Any CPU.Build.0 = Release|Any CPU
		{016662CC-B7E1-4526-98C8-7C69EEF56E70}.Debug|Any CPU.ActiveCfg = Debug|Any CPU
		{016662CC-B7E1-4526-98C8-7C69EEF56E70}.Debug|Any CPU.Build.0 = Debug|Any CPU
		{016662CC-B7E1-4526-98C8-7C69EEF56E70}.Release|Any CPU.ActiveCfg = Release|Any CPU
		{016662CC-B7E1-4526-98C8-7C69EEF56E70}.Release|Any CPU.Build.0 = Release|Any CPU
		{45AFB966-B746-4EC7-861B-396998A9CEE2}.Debug|Any CPU.ActiveCfg = Debug|Any CPU
		{45AFB966-B746-4EC7-861B-396998A9CEE2}.Debug|Any CPU.Build.0 = Debug|Any CPU
		{45AFB966-B746-4EC7-861B-396998A9CEE2}.Release|Any CPU.ActiveCfg = Release|Any CPU
		{45AFB966-B746-4EC7-861B-396998A9CEE2}.Release|Any CPU.Build.0 = Release|Any CPU
	EndGlobalSection
	GlobalSection(SolutionProperties) = preSolution
		HideSolutionNode = FALSE
	EndGlobalSection
EndGlobal
